
Microsoft Visual Studio Solution File, Format Version 12.00
# Visual Studio Version 16
VisualStudioVersion = 16.0.30104.148
MinimumVisualStudioVersion = 10.0.40219.1
Project("{8BC9CEB8-8B4A-11D0-8D11-00A0C91BC942}") = "LySysStatus", "LySysStatus\LySysStatus.vcxproj", "{78434E2F-0AB0-4A15-B3F4-2D13AEA476A0}"
EndProject
Project("{8BC9CEB8-8B4A-11D0-8D11-00A0C91BC942}") = "TestSysStatus", "TestSysStatus\TestSysStatus.vcxproj", "{9AB4E949-1D44-411F-8FAC-48BA533CFC80}"
	ProjectSection(ProjectDependencies) = postProject
		{78434E2F-0AB0-4A15-B3F4-2D13AEA476A0} = {78434E2F-0AB0-4A15-B3F4-2D13AEA476A0}
	EndProjectSection
EndProject
Global
	GlobalSection(SolutionConfigurationPlatforms) = preSolution
		Debug|x64 = Debug|x64
		Debug|x86 = Debug|x86
		Release|x64 = Release|x64
		Release|x86 = Release|x86
	EndGlobalSection
	GlobalSection(ProjectConfigurationPlatforms) = postSolution
		{78434E2F-0AB0-4A15-B3F4-2D13AEA476A0}.Debug|x64.ActiveCfg = Debug|x64
		{78434E2F-0AB0-4A15-B3F4-2D13AEA476A0}.Debug|x64.Build.0 = Debug|x64
		{78434E2F-0AB0-4A15-B3F4-2D13AEA476A0}.Debug|x86.ActiveCfg = Debug|Win32
		{78434E2F-0AB0-4A15-B3F4-2D13AEA476A0}.Debug|x86.Build.0 = Debug|Win32
		{78434E2F-0AB0-4A15-B3F4-2D13AEA476A0}.Release|x64.ActiveCfg = Release|x64
		{78434E2F-0AB0-4A15-B3F4-2D13AEA476A0}.Release|x64.Build.0 = Release|x64
		{78434E2F-0AB0-4A15-B3F4-2D13AEA476A0}.Release|x86.ActiveCfg = Release|Win32
		{78434E2F-0AB0-4A15-B3F4-2D13AEA476A0}.Release|x86.Build.0 = Release|Win32
		{9AB4E949-1D44-411F-8FAC-48BA533CFC80}.Debug|x64.ActiveCfg = Debug|x64
		{9AB4E949-1D44-411F-8FAC-48BA533CFC80}.Debug|x64.Build.0 = Debug|x64
		{9AB4E949-1D44-411F-8FAC-48BA533CFC80}.Debug|x86.ActiveCfg = Debug|Win32
		{9AB4E949-1D44-411F-8FAC-48BA533CFC80}.Debug|x86.Build.0 = Debug|Win32
		{9AB4E949-1D44-411F-8FAC-48BA533CFC80}.Release|x64.ActiveCfg = Release|x64
		{9AB4E949-1D44-411F-8FAC-48BA533CFC80}.Release|x64.Build.0 = Release|x64
		{9AB4E949-1D44-411F-8FAC-48BA533CFC80}.Release|x86.ActiveCfg = Release|Win32
		{9AB4E949-1D44-411F-8FAC-48BA533CFC80}.Release|x86.Build.0 = Release|Win32
	EndGlobalSection
	GlobalSection(SolutionProperties) = preSolution
		HideSolutionNode = FALSE
	EndGlobalSection
	GlobalSection(ExtensibilityGlobals) = postSolution
		SolutionGuid = {55E9F253-B6B4-4F6B-A02A-038183EA4BA5}
	EndGlobalSection
EndGlobal
